
Microsoft Visual Studio Solution File, Format Version 12.00
# Visual Studio Version 16
VisualStudioVersion = 16.0.29326.143
MinimumVisualStudioVersion = 10.0.40219.1
Project("{8BC9CEB8-8B4A-11D0-8D11-00A0C91BC942}") = "classPresident", "classPresident\classPresident.vcxproj", "{CD95491B-6E06-4F0D-A062-C84EB4F3385B}"
EndProject
Global
	GlobalSection(SolutionConfigurationPlatforms) = preSolution
		Debug|x64 = Debug|x64
		Debug|x86 = Debug|x86
		Release|x64 = Release|x64
		Release|x86 = Release|x86
	EndGlobalSection
	GlobalSection(ProjectConfigurationPlatforms) = postSolution
		{CD95491B-6E06-4F0D-A062-C84EB4F3385B}.Debug|x64.ActiveCfg = Debug|x64
		{CD95491B-6E06-4F0D-A062-C84EB4F3385B}.Debug|x64.Build.0 = Debug|x64
		{CD95491B-6E06-4F0D-A062-C84EB4F3385B}.Debug|x86.ActiveCfg = Debug|Win32
		{CD95491B-6E06-4F0D-A062-C84EB4F3385B}.Debug|x86.Build.0 = Debug|Win32
		{CD95491B-6E06-4F0D-A062-C84EB4F3385B}.Release|x64.ActiveCfg = Release|x64
		{CD95491B-6E06-4F0D-A062-C84EB4F3385B}.Release|x64.Build.0 = Release|x64
		{CD95491B-6E06-4F0D-A062-C84EB4F3385B}.Release|x86.ActiveCfg = Release|Win32
		{CD95491B-6E06-4F0D-A062-C84EB4F3385B}.Release|x86.Build.0 = Release|Win32
	EndGlobalSection
	GlobalSection(SolutionProperties) = preSolution
		HideSolutionNode = FALSE
	EndGlobalSection
	GlobalSection(ExtensibilityGlobals) = postSolution
		SolutionGuid = {4319F95D-074E-4FE7-B594-47D29F52FD18}
	EndGlobalSection
EndGlobal
